// !$*UTF8*$!
{
	archiveVersion = 1;
	classes = {
	};
	objectVersion = 46;
	objects = {

/* Begin PBXBuildFile section */
		472DC62E1B6929290052795C /* main.m in Sources */ = {isa = PBXBuildFile; fileRef = 472DC62D1B6929290052795C /* main.m */; };
		472DC6311B6929290052795C /* AppDelegate.m in Sources */ = {isa = PBXBuildFile; fileRef = 472DC6301B6929290052795C /* AppDelegate.m */; };
		472DC6341B6929290052795C /* ViewController.m in Sources */ = {isa = PBXBuildFile; fileRef = 472DC6331B6929290052795C /* ViewController.m */; };
		472DC6371B6929290052795C /* Main.storyboard in Resources */ = {isa = PBXBuildFile; fileRef = 472DC6351B6929290052795C /* Main.storyboard */; };
		472DC6391B6929290052795C /* Images.xcassets in Resources */ = {isa = PBXBuildFile; fileRef = 472DC6381B6929290052795C /* Images.xcassets */; };
		472DC63C1B6929290052795C /* LaunchScreen.xib in Resources */ = {isa = PBXBuildFile; fileRef = 472DC63A1B6929290052795C /* LaunchScreen.xib */; };
		472DC6481B69292A0052795C /* PageControllerTests.m in Sources */ = {isa = PBXBuildFile; fileRef = 472DC6471B69292A0052795C /* PageControllerTests.m */; };
		472DC6531B692A510052795C /* WMMainTableViewController.m in Sources */ = {isa = PBXBuildFile; fileRef = 472DC6521B692A510052795C /* WMMainTableViewController.m */; };
		472DC6571B692FDB0052795C /* PageController.m in Sources */ = {isa = PBXBuildFile; fileRef = 472DC6561B692FDB0052795C /* PageController.m */; };
		472DC65B1B6932EC0052795C /* MenuView.m in Sources */ = {isa = PBXBuildFile; fileRef = 472DC65A1B6932EC0052795C /* MenuView.m */; };
/* End PBXBuildFile section */

/* Begin PBXContainerItemProxy section */
		472DC6421B69292A0052795C /* PBXContainerItemProxy */ = {
			isa = PBXContainerItemProxy;
			containerPortal = 472DC6201B6929290052795C /* Project object */;
			proxyType = 1;
			remoteGlobalIDString = 472DC6271B6929290052795C;
			remoteInfo = PageController;
		};
/* End PBXContainerItemProxy section */

/* Begin PBXFileReference section */
		472DC6281B6929290052795C /* PageController.app */ = {isa = PBXFileReference; explicitFileType = wrapper.application; includeInIndex = 0; path = PageController.app; sourceTree = BUILT_PRODUCTS_DIR; };
		472DC62C1B6929290052795C /* Info.plist */ = {isa = PBXFileReference; lastKnownFileType = text.plist.xml; path = Info.plist; sourceTree = "<group>"; };
		472DC62D1B6929290052795C /* main.m */ = {isa = PBXFileReference; lastKnownFileType = sourcecode.c.objc; path = main.m; sourceTree = "<group>"; };
		472DC62F1B6929290052795C /* AppDelegate.h */ = {isa = PBXFileReference; lastKnownFileType = sourcecode.c.h; path = AppDelegate.h; sourceTree = "<group>"; };
		472DC6301B6929290052795C /* AppDelegate.m */ = {isa = PBXFileReference; lastKnownFileType = sourcecode.c.objc; path = AppDelegate.m; sourceTree = "<group>"; };
		472DC6321B6929290052795C /* ViewController.h */ = {isa = PBXFileReference; lastKnownFileType = sourcecode.c.h; path = ViewController.h; sourceTree = "<group>"; };
		472DC6331B6929290052795C /* ViewController.m */ = {isa = PBXFileReference; lastKnownFileType = sourcecode.c.objc; path = ViewController.m; sourceTree = "<group>"; };
		472DC6361B6929290052795C /* Base */ = {isa = PBXFileReference; lastKnownFileType = file.storyboard; name = Base; path = Base.lproj/Main.storyboard; sourceTree = "<group>"; };
		472DC6381B6929290052795C /* Images.xcassets */ = {isa = PBXFileReference; lastKnownFileType = folder.assetcatalog; path = Images.xcassets; sourceTree = "<group>"; };
		472DC63B1B6929290052795C /* Base */ = {isa = PBXFileReference; lastKnownFileType = file.xib; name = Base; path = Base.lproj/LaunchScreen.xib; sourceTree = "<group>"; };
		472DC6411B69292A0052795C /* PageControllerTests.xctest */ = {isa = PBXFileReference; explicitFileType = wrapper.cfbundle; includeInIndex = 0; path = PageControllerTests.xctest; sourceTree = BUILT_PRODUCTS_DIR; };
		472DC6461B69292A0052795C /* Info.plist */ = {isa = PBXFileReference; lastKnownFileType = text.plist.xml; path = Info.plist; sourceTree = "<group>"; };
		472DC6471B69292A0052795C /* PageControllerTests.m */ = {isa = PBXFileReference; lastKnownFileType = sourcecode.c.objc; path = PageControllerTests.m; sourceTree = "<group>"; };
		472DC6511B692A510052795C /* WMMainTableViewController.h */ = {isa = PBXFileReference; fileEncoding = 4; lastKnownFileType = sourcecode.c.h; path = WMMainTableViewController.h; sourceTree = "<group>"; };
		472DC6521B692A510052795C /* WMMainTableViewController.m */ = {isa = PBXFileReference; fileEncoding = 4; lastKnownFileType = sourcecode.c.objc; path = WMMainTableViewController.m; sourceTree = "<group>"; };
		472DC6551B692FDB0052795C /* PageController.h */ = {isa = PBXFileReference; fileEncoding = 4; lastKnownFileType = sourcecode.c.h; path = PageController.h; sourceTree = "<group>"; };
		472DC6561B692FDB0052795C /* PageController.m */ = {isa = PBXFileReference; fileEncoding = 4; lastKnownFileType = sourcecode.c.objc; path = PageController.m; sourceTree = "<group>"; };
		472DC6591B6932EC0052795C /* MenuView.h */ = {isa = PBXFileReference; fileEncoding = 4; lastKnownFileType = sourcecode.c.h; path = MenuView.h; sourceTree = "<group>"; };
		472DC65A1B6932EC0052795C /* MenuView.m */ = {isa = PBXFileReference; fileEncoding = 4; lastKnownFileType = sourcecode.c.objc; path = MenuView.m; sourceTree = "<group>"; };
/* End PBXFileReference section */

/* Begin PBXFrameworksBuildPhase section */
		472DC6251B6929290052795C /* Frameworks */ = {
			isa = PBXFrameworksBuildPhase;
			buildActionMask = 2147483647;
			files = (
			);
			runOnlyForDeploymentPostprocessing = 0;
		};
		472DC63E1B69292A0052795C /* Frameworks */ = {
			isa = PBXFrameworksBuildPhase;
			buildActionMask = 2147483647;
			files = (
			);
			runOnlyForDeploymentPostprocessing = 0;
		};
/* End PBXFrameworksBuildPhase section */

/* Begin PBXGroup section */
		472DC61F1B6929290052795C = {
			isa = PBXGroup;
			children = (
				472DC62A1B6929290052795C /* PageController */,
				472DC6441B69292A0052795C /* PageControllerTests */,
				472DC6291B6929290052795C /* Products */,
			);
			sourceTree = "<group>";
		};
		472DC6291B6929290052795C /* Products */ = {
			isa = PBXGroup;
			children = (
				472DC6281B6929290052795C /* PageController.app */,
				472DC6411B69292A0052795C /* PageControllerTests.xctest */,
			);
			name = Products;
			sourceTree = "<group>";
		};
		472DC62A1B6929290052795C /* PageController */ = {
			isa = PBXGroup;
			children = (
				472DC6541B692FA90052795C /* PageController */,
				472DC62F1B6929290052795C /* AppDelegate.h */,
				472DC6301B6929290052795C /* AppDelegate.m */,
				472DC6321B6929290052795C /* ViewController.h */,
				472DC6331B6929290052795C /* ViewController.m */,
				472DC6351B6929290052795C /* Main.storyboard */,
				472DC6381B6929290052795C /* Images.xcassets */,
				472DC63A1B6929290052795C /* LaunchScreen.xib */,
				472DC62B1B6929290052795C /* Supporting Files */,
				472DC6511B692A510052795C /* WMMainTableViewController.h */,
				472DC6521B692A510052795C /* WMMainTableViewController.m */,
			);
			path = PageController;
			sourceTree = "<group>";
		};
		472DC62B1B6929290052795C /* Supporting Files */ = {
			isa = PBXGroup;
			children = (
				472DC62C1B6929290052795C /* Info.plist */,
				472DC62D1B6929290052795C /* main.m */,
			);
			name = "Supporting Files";
			sourceTree = "<group>";
		};
		472DC6441B69292A0052795C /* PageControllerTests */ = {
			isa = PBXGroup;
			children = (
				472DC6471B69292A0052795C /* PageControllerTests.m */,
				472DC6451B69292A0052795C /* Supporting Files */,
			);
			path = PageControllerTests;
			sourceTree = "<group>";
		};
		472DC6451B69292A0052795C /* Supporting Files */ = {
			isa = PBXGroup;
			children = (
				472DC6461B69292A0052795C /* Info.plist */,
			);
			name = "Supporting Files";
			sourceTree = "<group>";
		};
		472DC6541B692FA90052795C /* PageController */ = {
			isa = PBXGroup;
			children = (
				472DC6581B6932C60052795C /* MenuView */,
				472DC6551B692FDB0052795C /* PageController.h */,
				472DC6561B692FDB0052795C /* PageController.m */,
			);
			name = PageController;
			sourceTree = "<group>";
		};
		472DC6581B6932C60052795C /* MenuView */ = {
			isa = PBXGroup;
			children = (
				472DC6591B6932EC0052795C /* MenuView.h */,
				472DC65A1B6932EC0052795C /* MenuView.m */,
			);
			name = MenuView;
			sourceTree = "<group>";
		};
/* End PBXGroup section */

/* Begin PBXNativeTarget section */
		472DC6271B6929290052795C /* PageController */ = {
			isa = PBXNativeTarget;
			buildConfigurationList = 472DC64B1B69292A0052795C /* Build configuration list for PBXNativeTarget "PageController" */;
			buildPhases = (
				472DC6241B6929290052795C /* Sources */,
				472DC6251B6929290052795C /* Frameworks */,
				472DC6261B6929290052795C /* Resources */,
			);
			buildRules = (
			);
			dependencies = (
			);
			name = PageController;
			productName = PageController;
			productReference = 472DC6281B6929290052795C /* PageController.app */;
			productType = "com.apple.product-type.application";
		};
		472DC6401B69292A0052795C /* PageControllerTests */ = {
			isa = PBXNativeTarget;
			buildConfigurationList = 472DC64E1B69292A0052795C /* Build configuration list for PBXNativeTarget "PageControllerTests" */;
			buildPhases = (
				472DC63D1B69292A0052795C /* Sources */,
				472DC63E1B69292A0052795C /* Frameworks */,
				472DC63F1B69292A0052795C /* Resources */,
			);
			buildRules = (
			);
			dependencies = (
				472DC6431B69292A0052795C /* PBXTargetDependency */,
			);
			name = PageControllerTests;
			productName = PageControllerTests;
			productReference = 472DC6411B69292A0052795C /* PageControllerTests.xctest */;
			productType = "com.apple.product-type.bundle.unit-test";
		};
/* End PBXNativeTarget section */

/* Begin PBXProject section */
		472DC6201B6929290052795C /* Project object */ = {
			isa = PBXProject;
			attributes = {
				LastUpgradeCheck = 0640;
				ORGANIZATIONNAME = haibo;
				TargetAttributes = {
					472DC6271B6929290052795C = {
						CreatedOnToolsVersion = 6.4;
					};
					472DC6401B69292A0052795C = {
						CreatedOnToolsVersion = 6.4;
						TestTargetID = 472DC6271B6929290052795C;
					};
				};
			};
			buildConfigurationList = 472DC6231B6929290052795C /* Build configuration list for PBXProject "PageController" */;
			compatibilityVersion = "Xcode 3.2";
			developmentRegion = English;
			hasScannedForEncodings = 0;
			knownRegions = (
				en,
				Base,
			);
			mainGroup = 472DC61F1B6929290052795C;
			productRefGroup = 472DC6291B6929290052795C /* Products */;
			projectDirPath = "";
			projectRoot = "";
			targets = (
				472DC6271B6929290052795C /* PageController */,
				472DC6401B69292A0052795C /* PageControllerTests */,
			);
		};
/* End PBXProject section */

/* Begin PBXResourcesBuildPhase section */
		472DC6261B6929290052795C /* Resources */ = {
			isa = PBXResourcesBuildPhase;
			buildActionMask = 2147483647;
			files = (
				472DC6371B6929290052795C /* Main.storyboard in Resources */,
				472DC63C1B6929290052795C /* LaunchScreen.xib in Resources */,
				472DC6391B6929290052795C /* Images.xcassets in Resources */,
			);
			runOnlyForDeploymentPostprocessing = 0;
		};
		472DC63F1B69292A0052795C /* Resources */ = {
			isa = PBXResourcesBuildPhase;
			buildActionMask = 2147483647;
			files = (
			);
			runOnlyForDeploymentPostprocessing = 0;
		};
/* End PBXResourcesBuildPhase section */

/* Begin PBXSourcesBuildPhase section */
		472DC6241B6929290052795C /* Sources */ = {
			isa = PBXSourcesBuildPhase;
			buildActionMask = 2147483647;
			files = (
				472DC6571B692FDB0052795C /* PageController.m in Sources */,
				472DC6341B6929290052795C /* ViewController.m in Sources */,
				472DC6311B6929290052795C /* AppDelegate.m in Sources */,
				472DC6531B692A510052795C /* WMMainTableViewController.m in Sources */,
				472DC62E1B6929290052795C /* main.m in Sources */,
				472DC65B1B6932EC0052795C /* MenuView.m in Sources */,
			);
			runOnlyForDeploymentPostprocessing = 0;
		};
		472DC63D1B69292A0052795C /* Sources */ = {
			isa = PBXSourcesBuildPhase;
			buildActionMask = 2147483647;
			files = (
				472DC6481B69292A0052795C /* PageControllerTests.m in Sources */,
			);
			runOnlyForDeploymentPostprocessing = 0;
		};
/* End PBXSourcesBuildPhase section */

/* Begin PBXTargetDependency section */
		472DC6431B69292A0052795C /* PBXTargetDependency */ = {
			isa = PBXTargetDependency;
			target = 472DC6271B6929290052795C /* PageController */;
			targetProxy = 472DC6421B69292A0052795C /* PBXContainerItemProxy */;
		};
/* End PBXTargetDependency section */

/* Begin PBXVariantGroup section */
		472DC6351B6929290052795C /* Main.storyboard */ = {
			isa = PBXVariantGroup;
			children = (
				472DC6361B6929290052795C /* Base */,
			);
			name = Main.storyboard;
			sourceTree = "<group>";
		};
		472DC63A1B6929290052795C /* LaunchScreen.xib */ = {
			isa = PBXVariantGroup;
			children = (
				472DC63B1B6929290052795C /* Base */,
			);
			name = LaunchScreen.xib;
			sourceTree = "<group>";
		};
/* End PBXVariantGroup section */

/* Begin XCBuildConfiguration section */
		472DC6491B69292A0052795C /* Debug */ = {
			isa = XCBuildConfiguration;
			buildSettings = {
				ALWAYS_SEARCH_USER_PATHS = NO;
				CLANG_CXX_LANGUAGE_STANDARD = "gnu++0x";
				CLANG_CXX_LIBRARY = "libc++";
				CLANG_ENABLE_MODULES = YES;
				CLANG_ENABLE_OBJC_ARC = YES;
				CLANG_WARN_BOOL_CONVERSION = YES;
				CLANG_WARN_CONSTANT_CONVERSION = YES;
				CLANG_WARN_DIRECT_OBJC_ISA_USAGE = YES_ERROR;
				CLANG_WARN_EMPTY_BODY = YES;
				CLANG_WARN_ENUM_CONVERSION = YES;
				CLANG_WARN_INT_CONVERSION = YES;
				CLANG_WARN_OBJC_ROOT_CLASS = YES_ERROR;
				CLANG_WARN_UNREACHABLE_CODE = YES;
				CLANG_WARN__DUPLICATE_METHOD_MATCH = YES;
				"CODE_SIGN_IDENTITY[sdk=iphoneos*]" = "iPhone Developer";
				COPY_PHASE_STRIP = NO;
				DEBUG_INFORMATION_FORMAT = "dwarf-with-dsym";
				ENABLE_STRICT_OBJC_MSGSEND = YES;
				GCC_C_LANGUAGE_STANDARD = gnu99;
				GCC_DYNAMIC_NO_PIC = NO;
				GCC_NO_COMMON_BLOCKS = YES;
				GCC_OPTIMIZATION_LEVEL = 0;
				GCC_PREPROCESSOR_DEFINITIONS = (
					"DEBUG=1",
					"$(inherited)",
				);
				GCC_SYMBOLS_PRIVATE_EXTERN = NO;
				GCC_WARN_64_TO_32_BIT_CONVERSION = YES;
				GCC_WARN_ABOUT_RETURN_TYPE = YES_ERROR;
				GCC_WARN_UNDECLARED_SELECTOR = YES;
				GCC_WARN_UNINITIALIZED_AUTOS = YES_AGGRESSIVE;
				GCC_WARN_UNUSED_FUNCTION = YES;
				GCC_WARN_UNUSED_VARIABLE = YES;
				IPHONEOS_DEPLOYMENT_TARGET = 8.4;
				MTL_ENABLE_DEBUG_INFO = YES;
				ONLY_ACTIVE_ARCH = YES;
				SDKROOT = iphoneos;
			};
			name = Debug;
		};
		472DC64A1B69292A0052795C /* Release */ = {
			isa = XCBuildConfiguration;
			buildSettings = {
				ALWAYS_SEARCH_USER_PATHS = NO;
				CLANG_CXX_LANGUAGE_STANDARD = "gnu++0x";
				CLANG_CXX_LIBRARY = "libc++";
				CLANG_ENABLE_MODULES = YES;
				CLANG_ENABLE_OBJC_ARC = YES;
				CLANG_WARN_BOOL_CONVERSION = YES;
				CLANG_WARN_CONSTANT_CONVERSION = YES;
				CLANG_WARN_DIRECT_OBJC_ISA_USAGE = YES_ERROR;
				CLANG_WARN_EMPTY_BODY = YES;
				CLANG_WARN_ENUM_CONVERSION = YES;
				CLANG_WARN_INT_CONVERSION = YES;
				CLANG_WARN_OBJC_ROOT_CLASS = YES_ERROR;
				CLANG_WARN_UNREACHABLE_CODE = YES;
				CLANG_WARN__DUPLICATE_METHOD_MATCH = YES;
				"CODE_SIGN_IDENTITY[sdk=iphoneos*]" = "iPhone Developer";
				COPY_PHASE_STRIP = NO;
				DEBUG_INFORMATION_FORMAT = "dwarf-with-dsym";
				ENABLE_NS_ASSERTIONS = NO;
				ENABLE_STRICT_OBJC_MSGSEND = YES;
				GCC_C_LANGUAGE_STANDARD = gnu99;
				GCC_NO_COMMON_BLOCKS = YES;
				GCC_WARN_64_TO_32_BIT_CONVERSION = YES;
				GCC_WARN_ABOUT_RETURN_TYPE = YES_ERROR;
				GCC_WARN_UNDECLARED_SELECTOR = YES;
				GCC_WARN_UNINITIALIZED_AUTOS = YES_AGGRESSIVE;
				GCC_WARN_UNUSED_FUNCTION = YES;
				GCC_WARN_UNUSED_VARIABLE = YES;
				IPHONEOS_DEPLOYMENT_TARGET = 8.4;
				MTL_ENABLE_DEBUG_INFO = NO;
				SDKROOT = iphoneos;
				VALIDATE_PRODUCT = YES;
			};
			name = Release;
		};
		472DC64C1B69292A0052795C /* Debug */ = {
			isa = XCBuildConfiguration;
			buildSettings = {
				ASSETCATALOG_COMPILER_APPICON_NAME = AppIcon;
				INFOPLIST_FILE = PageController/Info.plist;
				LD_RUNPATH_SEARCH_PATHS = "$(inherited) @executable_path/Frameworks";
				PRODUCT_NAME = "$(TARGET_NAME)";
			};
			name = Debug;
		};
		472DC64D1B69292A0052795C /* Release */ = {
			isa = XCBuildConfiguration;
			buildSettings = {
				ASSETCATALOG_COMPILER_APPICON_NAME = AppIcon;
				INFOPLIST_FILE = PageController/Info.plist;
				LD_RUNPATH_SEARCH_PATHS = "$(inherited) @executable_path/Frameworks";
				PRODUCT_NAME = "$(TARGET_NAME)";
			};
			name = Release;
		};
		472DC64F1B69292A0052795C /* Debug */ = {
			isa = XCBuildConfiguration;
			buildSettings = {
				BUNDLE_LOADER = "$(TEST_HOST)";
				FRAMEWORK_SEARCH_PATHS = (
					"$(SDKROOT)/Developer/Library/Frameworks",
					"$(inherited)",
				);
				GCC_PREPROCESSOR_DEFINITIONS = (
					"DEBUG=1",
					"$(inherited)",
				);
				INFOPLIST_FILE = PageControllerTests/Info.plist;
				LD_RUNPATH_SEARCH_PATHS = "$(inherited) @executable_path/Frameworks @loader_path/Frameworks";
				PRODUCT_NAME = "$(TARGET_NAME)";
				TEST_HOST = "$(BUILT_PRODUCTS_DIR)/PageController.app/PageController";
			};
			name = Debug;
		};
		472DC6501B69292A0052795C /* Release */ = {
			isa = XCBuildConfiguration;
			buildSettings = {
				BUNDLE_LOADER = "$(TEST_HOST)";
				FRAMEWORK_SEARCH_PATHS = (
					"$(SDKROOT)/Developer/Library/Frameworks",
					"$(inherited)",
				);
				INFOPLIST_FILE = PageControllerTests/Info.plist;
				LD_RUNPATH_SEARCH_PATHS = "$(inherited) @executable_path/Frameworks @loader_path/Frameworks";
				PRODUCT_NAME = "$(TARGET_NAME)";
				TEST_HOST = "$(BUILT_PRODUCTS_DIR)/PageController.app/PageController";
			};
			name = Release;
		};
/* End XCBuildConfiguration section */

/* Begin XCConfigurationList section */
		472DC6231B6929290052795C /* Build configuration list for PBXProject "PageController" */ = {
			isa = XCConfigurationList;
			buildConfigurations = (
				472DC6491B69292A0052795C /* Debug */,
				472DC64A1B69292A0052795C /* Release */,
			);
			defaultConfigurationIsVisible = 0;
			defaultConfigurationName = Release;
		};
		472DC64B1B69292A0052795C /* Build configuration list for PBXNativeTarget "PageController" */ = {
			isa = XCConfigurationList;
			buildConfigurations = (
				472DC64C1B69292A0052795C /* Debug */,
				472DC64D1B69292A0052795C /* Release */,
			);
			defaultConfigurationIsVisible = 0;
		};
		472DC64E1B69292A0052795C /* Build configuration list for PBXNativeTarget "PageControllerTests" */ = {
			isa = XCConfigurationList;
			buildConfigurations = (
				472DC64F1B69292A0052795C /* Debug */,
				472DC6501B69292A0052795C /* Release */,
			);
			defaultConfigurationIsVisible = 0;
		};
/* End XCConfigurationList section */
	};
	rootObject = 472DC6201B6929290052795C /* Project object */;
}
